<Solution>
  <Folder Name="/Task0/">
    <Project Path="Tyuiu.ReneDS.Sprint1.Task0.V27.Lib/Tyuiu.ReneDS.Sprint1.Task0.V27.Lib.csproj" />
    <Project Path="Tyuiu.ReneDS.Sprint1.Task0.V27.Test/Tyuiu.ReneDS.Sprint1.Task0.V27.Test.csproj" />
    <Project Path="Tyuiu.ReneDS.Sprint1.Task0.V27/Tyuiu.ReneDS.Sprint1.Task0.V27.csproj" />
  </Folder>
  <Folder Name="/Task1/">
    <Project Path="Tyuiu.ReneDS.Sprint1.Task1.V19.Lib/Tyuiu.ReneDS.Sprint1.Task1.V19.Lib.csproj" Id="9d8e2515-8343-45f8-9998-1f9e0e7a0686" />
    <Project Path="Tyuiu.ReneDS.Sprint1.Task1.V19.Test/Tyuiu.ReneDS.Sprint1.Task1.V19.Test.csproj" Id="c1d202f6-b901-45d8-bde6-cc145fe31456" />
    <Project Path="Tyuiu.ReneDS.Sprint1.Task1.V19/Tyuiu.ReneDS.Sprint1.Task1.V19.csproj" Id="03163717-96e3-47f1-86c6-3cdd88ffada6" />
  </Folder>
  <Folder Name="/Task2/">
    <Project Path="Tyuiu.ReneDS.Sprint1.Task2.V21.Lib/Tyuiu.ReneDS.Sprint1.Task2.V21.Lib.csproj" Id="77cb001d-89c6-4df0-9bb7-659579662fa1" />
    <Project Path="Tyuiu.ReneDS.Sprint1.Task2.V21.Test/Tyuiu.ReneDS.Sprint1.Task2.V21.Test.csproj" Id="a0c30d8e-e762-4e54-b91a-541d8de1e3f6" />
    <Project Path="Tyuiu.ReneDS.Sprint1.Task2.V21/Tyuiu.ReneDS.Sprint1.Task2.V21.csproj" Id="84fb4cf4-0efa-41e2-8ff4-45821c8508b5" />
  </Folder>
  <Folder Name="/Task3/">
    <Project Path="Tyuiu.ReneDS.Sprint1.Task3.V15.Lib/Tyuiu.ReneDS.Sprint1.Task3.V15.Lib.csproj" Id="e0185468-add6-452a-9c80-5be23ac67dbb" />
    <Project Path="Tyuiu.ReneDS.Sprint1.Task3.V15.Test/Tyuiu.ReneDS.Sprint1.Task3.V15.Test.csproj" Id="de85aa5c-d795-450f-8f2c-90d98129e24f" />
    <Project Path="Tyuiu.ReneDS.Sprint1.Task3.V15/Tyuiu.ReneDS.Sprint1.Task3.V15.csproj" Id="8a2e9258-b626-4c69-9b3b-8ec55637f8ef" />
  </Folder>
  <Folder Name="/Task4/">
    <Project Path="Tyuiu.ReneDS.Sprint1.Task4.V11.Lib/Tyuiu.ReneDS.Sprint1.Task4.V11.Lib.csproj" Id="b32e8d85-4336-4f61-902d-f4f766e07c4c" />
    <Project Path="Tyuiu.ReneDS.Sprint1.Task4.V11.Test/Tyuiu.ReneDS.Sprint1.Task4.V11.Test.csproj" Id="4952ea22-ad57-450d-962c-489e05678120" />
    <Project Path="Tyuiu.ReneDS.Sprint1.Task4.V11/Tyuiu.ReneDS.Sprint1.Task4.V11.csproj" Id="e1605539-a53c-426c-a995-0bc3d9929ef0" />
  </Folder>
  <Folder Name="/Task5/">
    <Project Path="Tyuiu.ReneDS.Sprint1.Task5.V6.Lib/Tyuiu.ReneDS.Sprint1.Task5.V6.Lib.csproj" Id="e20e9325-ce6e-4fc4-a0f8-d11bfc803aca" />
    <Project Path="Tyuiu.ReneDS.Sprint1.Task5.V6.Test/Tyuiu.ReneDS.Sprint1.Task5.V6.Test.csproj" Id="866e817b-a8b0-45c8-af15-a4f1f47832f6" />
    <Project Path="Tyuiu.ReneDS.Sprint1.Task5.V6/Tyuiu.ReneDS.Sprint1.Task5.V6.csproj" Id="aa54bad1-4813-44e8-91fc-e7456b5134d4" />
  </Folder>
  <Folder Name="/Task6/">
    <Project Path="Tyuiu.ReneDS.Sprint1.Task6.V16.Lib/Tyuiu.ReneDS.Sprint1.Task6.V16.Lib.csproj" Id="1276a0a5-5226-4661-a386-2dc6dc2726a4" />
    <Project Path="Tyuiu.ReneDS.Sprint1.Task6.V16.Test/Tyuiu.ReneDS.Sprint1.Task6.V16.Test.csproj" Id="cac48ce1-cd49-4bef-9e93-b2d97e41ac8a" />
    <Project Path="Tyuiu.ReneDS.Sprint1.Task6.V16/Tyuiu.ReneDS.Sprint1.Task6.V16.csproj" Id="9fe623b4-42c9-4f48-afb8-5d314f9a4f89" />
  </Folder>
  <Folder Name="/Task7/">
    <Project Path="Tyuiu.ReneDS.Sprint1.Task7.V13.Lib/Tyuiu.ReneDS.Sprint1.Task7.V13.Lib.csproj" Id="3551a357-dc54-4152-8f63-6a584b88eca8" />
    <Project Path="Tyuiu.ReneDS.Sprint1.Task7.V13.Test/Tyuiu.ReneDS.Sprint1.Task7.V13.Test.csproj" Id="7dc3c516-28ba-4a4a-8c8a-c13e126dacc9" />
    <Project Path="Tyuiu.ReneDS.Sprint1.Task7.V13/Tyuiu.ReneDS.Sprint1.Task7.V13.csproj" Id="d1be6486-1d34-4b60-a45f-b6ffc761e4eb" />
  </Folder>
</Solution>
