<Solution>
  <Folder Name="/Task0/">
    <Project Path="Tyuiu.ReneDS.Sprint1.Task0.V27.Lib/Tyuiu.ReneDS.Sprint1.Task0.V27.Lib.csproj" />
    <Project Path="Tyuiu.ReneDS.Sprint1.Task0.V27.Test/Tyuiu.ReneDS.Sprint1.Task0.V27.Test.csproj" />
    <Project Path="Tyuiu.ReneDS.Sprint1.Task0.V27/Tyuiu.ReneDS.Sprint1.Task0.V27.csproj" />
  </Folder>
  <Folder Name="/Task1/">
    <Project Path="Tyuiu.ReneDS.Sprint1.Task1.V19.Lib/Tyuiu.ReneDS.Sprint1.Task1.V19.Lib.csproj" Id="9d8e2515-8343-45f8-9998-1f9e0e7a0686" />
    <Project Path="Tyuiu.ReneDS.Sprint1.Task1.V19.Test/Tyuiu.ReneDS.Sprint1.Task1.V19.Test.csproj" Id="c1d202f6-b901-45d8-bde6-cc145fe31456" />
    <Project Path="Tyuiu.ReneDS.Sprint1.Task1.V19/Tyuiu.ReneDS.Sprint1.Task1.V19.csproj" Id="03163717-96e3-47f1-86c6-3cdd88ffada6" />
  </Folder>
  <Folder Name="/Task2/">
    <Project Path="Tyuiu.ReneDS.Sprint1.Task2.V21.Lib/Tyuiu.ReneDS.Sprint1.Task2.V21.Lib.csproj" Id="77cb001d-89c6-4df0-9bb7-659579662fa1" />
    <Project Path="Tyuiu.ReneDS.Sprint1.Task2.V21.Test/Tyuiu.ReneDS.Sprint1.Task2.V21.Test.csproj" Id="a0c30d8e-e762-4e54-b91a-541d8de1e3f6" />
    <Project Path="Tyuiu.ReneDS.Sprint1.Task2.V21/Tyuiu.ReneDS.Sprint1.Task2.V21.csproj" Id="84fb4cf4-0efa-41e2-8ff4-45821c8508b5" />
  </Folder>
  <Folder Name="/Task3/">
    <Project Path="Tyuiu.ReneDS.Sprint1.Task3.V15.Lib/Tyuiu.ReneDS.Sprint1.Task3.V15.Lib.csproj" Id="e0185468-add6-452a-9c80-5be23ac67dbb" />
    <Project Path="Tyuiu.ReneDS.Sprint1.Task3.V15.Test/Tyuiu.ReneDS.Sprint1.Task3.V15.Test.csproj" Id="de85aa5c-d795-450f-8f2c-90d98129e24f" />
    <Project Path="Tyuiu.ReneDS.Sprint1.Task3.V15/Tyuiu.ReneDS.Sprint1.Task3.V15.csproj" Id="8a2e9258-b626-4c69-9b3b-8ec55637f8ef" />
  </Folder>
</Solution>
